
Microsoft Visual Studio Solution File, Format Version 12.00
# Visual Studio 14
VisualStudioVersion = 14.0.25420.1
MinimumVisualStudioVersion = 10.0.40219.1
Project("{FAE04EC0-301F-11D3-BF4B-00C04F79EFBC}") = "RCV", "RCV\RCV.csproj", "{8D9FB030-FF23-41F4-98D2-8C377CC521F6}"
EndProject
Project("{FAE04EC0-301F-11D3-BF4B-00C04F79EFBC}") = "RCVNuget", "RCVNuget\RCVNuget.csproj", "{195A3846-1405-47C8-AA8D-6EF1097D752C}"
EndProject
Project("{FAE04EC0-301F-11D3-BF4B-00C04F79EFBC}") = "Transmitter", "Transmitter\Transmitter.csproj", "{388F896E-C217-446E-ACFF-D3BC5A3BD10D}"
EndProject
Project("{FAE04EC0-301F-11D3-BF4B-00C04F79EFBC}") = "Devistator", "Devistator\Devistator.csproj", "{16477150-9515-42B6-81CF-D86D54E53A4F}"
EndProject
Project("{8BC9CEB8-8B4A-11D0-8D11-00A0C91BC942}") = "com.ooeygui.remotecontrolvehicle", "com.ooeygui.remotecontrolvehicle\com.ooeygui.remotecontrolvehicle.vcxproj", "{597D277D-547A-4480-A2BA-4A72E55551C2}"
EndProject
Project("{FAE04EC0-301F-11D3-BF4B-00C04F79EFBC}") = "MultiWiiDrone", "MultiWiiDrone\MultiWiiDrone.csproj", "{4764D336-E831-4D3A-AE85-354E88AC3874}"
EndProject
Global
	GlobalSection(SolutionConfigurationPlatforms) = preSolution
		Debug|ARM = Debug|ARM
		Debug|x64 = Debug|x64
		Debug|x86 = Debug|x86
		Release|ARM = Release|ARM
		Release|x64 = Release|x64
		Release|x86 = Release|x86
	EndGlobalSection
	GlobalSection(ProjectConfigurationPlatforms) = postSolution
		{8D9FB030-FF23-41F4-98D2-8C377CC521F6}.Debug|ARM.ActiveCfg = Debug|ARM
		{8D9FB030-FF23-41F4-98D2-8C377CC521F6}.Debug|ARM.Build.0 = Debug|ARM
		{8D9FB030-FF23-41F4-98D2-8C377CC521F6}.Debug|x64.ActiveCfg = Debug|x64
		{8D9FB030-FF23-41F4-98D2-8C377CC521F6}.Debug|x64.Build.0 = Debug|x64
		{8D9FB030-FF23-41F4-98D2-8C377CC521F6}.Debug|x64.Deploy.0 = Debug|x64
		{8D9FB030-FF23-41F4-98D2-8C377CC521F6}.Debug|x86.ActiveCfg = Debug|x86
		{8D9FB030-FF23-41F4-98D2-8C377CC521F6}.Debug|x86.Build.0 = Debug|x86
		{8D9FB030-FF23-41F4-98D2-8C377CC521F6}.Debug|x86.Deploy.0 = Debug|x86
		{8D9FB030-FF23-41F4-98D2-8C377CC521F6}.Release|ARM.ActiveCfg = Release|ARM
		{8D9FB030-FF23-41F4-98D2-8C377CC521F6}.Release|ARM.Build.0 = Release|ARM
		{8D9FB030-FF23-41F4-98D2-8C377CC521F6}.Release|ARM.Deploy.0 = Release|ARM
		{8D9FB030-FF23-41F4-98D2-8C377CC521F6}.Release|x64.ActiveCfg = Release|x64
		{8D9FB030-FF23-41F4-98D2-8C377CC521F6}.Release|x64.Build.0 = Release|x64
		{8D9FB030-FF23-41F4-98D2-8C377CC521F6}.Release|x64.Deploy.0 = Release|x64
		{8D9FB030-FF23-41F4-98D2-8C377CC521F6}.Release|x86.ActiveCfg = Release|x86
		{8D9FB030-FF23-41F4-98D2-8C377CC521F6}.Release|x86.Build.0 = Release|x86
		{8D9FB030-FF23-41F4-98D2-8C377CC521F6}.Release|x86.Deploy.0 = Release|x86
		{195A3846-1405-47C8-AA8D-6EF1097D752C}.Debug|ARM.ActiveCfg = Debug|ARM
		{195A3846-1405-47C8-AA8D-6EF1097D752C}.Debug|ARM.Build.0 = Debug|ARM
		{195A3846-1405-47C8-AA8D-6EF1097D752C}.Debug|x64.ActiveCfg = Debug|x64
		{195A3846-1405-47C8-AA8D-6EF1097D752C}.Debug|x64.Build.0 = Debug|x64
		{195A3846-1405-47C8-AA8D-6EF1097D752C}.Debug|x86.ActiveCfg = Debug|x86
		{195A3846-1405-47C8-AA8D-6EF1097D752C}.Debug|x86.Build.0 = Debug|x86
		{195A3846-1405-47C8-AA8D-6EF1097D752C}.Release|ARM.ActiveCfg = Release|ARM
		{195A3846-1405-47C8-AA8D-6EF1097D752C}.Release|ARM.Build.0 = Release|ARM
		{195A3846-1405-47C8-AA8D-6EF1097D752C}.Release|x64.ActiveCfg = Release|x64
		{195A3846-1405-47C8-AA8D-6EF1097D752C}.Release|x64.Build.0 = Release|x64
		{195A3846-1405-47C8-AA8D-6EF1097D752C}.Release|x86.ActiveCfg = Release|x86
		{195A3846-1405-47C8-AA8D-6EF1097D752C}.Release|x86.Build.0 = Release|x86
		{388F896E-C217-446E-ACFF-D3BC5A3BD10D}.Debug|ARM.ActiveCfg = Debug|ARM
		{388F896E-C217-446E-ACFF-D3BC5A3BD10D}.Debug|ARM.Build.0 = Debug|ARM
		{388F896E-C217-446E-ACFF-D3BC5A3BD10D}.Debug|ARM.Deploy.0 = Debug|ARM
		{388F896E-C217-446E-ACFF-D3BC5A3BD10D}.Debug|x64.ActiveCfg = Debug|x64
		{388F896E-C217-446E-ACFF-D3BC5A3BD10D}.Debug|x64.Build.0 = Debug|x64
		{388F896E-C217-446E-ACFF-D3BC5A3BD10D}.Debug|x64.Deploy.0 = Debug|x64
		{388F896E-C217-446E-ACFF-D3BC5A3BD10D}.Debug|x86.ActiveCfg = Debug|x86
		{388F896E-C217-446E-ACFF-D3BC5A3BD10D}.Debug|x86.Build.0 = Debug|x86
		{388F896E-C217-446E-ACFF-D3BC5A3BD10D}.Debug|x86.Deploy.0 = Debug|x86
		{388F896E-C217-446E-ACFF-D3BC5A3BD10D}.Release|ARM.ActiveCfg = Release|ARM
		{388F896E-C217-446E-ACFF-D3BC5A3BD10D}.Release|ARM.Build.0 = Release|ARM
		{388F896E-C217-446E-ACFF-D3BC5A3BD10D}.Release|ARM.Deploy.0 = Release|ARM
		{388F896E-C217-446E-ACFF-D3BC5A3BD10D}.Release|x64.ActiveCfg = Release|x64
		{388F896E-C217-446E-ACFF-D3BC5A3BD10D}.Release|x64.Build.0 = Release|x64
		{388F896E-C217-446E-ACFF-D3BC5A3BD10D}.Release|x64.Deploy.0 = Release|x64
		{388F896E-C217-446E-ACFF-D3BC5A3BD10D}.Release|x86.ActiveCfg = Release|x86
		{388F896E-C217-446E-ACFF-D3BC5A3BD10D}.Release|x86.Build.0 = Release|x86
		{388F896E-C217-446E-ACFF-D3BC5A3BD10D}.Release|x86.Deploy.0 = Release|x86
		{16477150-9515-42B6-81CF-D86D54E53A4F}.Debug|ARM.ActiveCfg = Debug|ARM
		{16477150-9515-42B6-81CF-D86D54E53A4F}.Debug|ARM.Build.0 = Debug|ARM
		{16477150-9515-42B6-81CF-D86D54E53A4F}.Debug|ARM.Deploy.0 = Debug|ARM
		{16477150-9515-42B6-81CF-D86D54E53A4F}.Debug|x64.ActiveCfg = Debug|x64
		{16477150-9515-42B6-81CF-D86D54E53A4F}.Debug|x64.Build.0 = Debug|x64
		{16477150-9515-42B6-81CF-D86D54E53A4F}.Debug|x64.Deploy.0 = Debug|x64
		{16477150-9515-42B6-81CF-D86D54E53A4F}.Debug|x86.ActiveCfg = Debug|x86
		{16477150-9515-42B6-81CF-D86D54E53A4F}.Debug|x86.Build.0 = Debug|x86
		{16477150-9515-42B6-81CF-D86D54E53A4F}.Debug|x86.Deploy.0 = Debug|x86
		{16477150-9515-42B6-81CF-D86D54E53A4F}.Release|ARM.ActiveCfg = Release|ARM
		{16477150-9515-42B6-81CF-D86D54E53A4F}.Release|ARM.Build.0 = Release|ARM
		{16477150-9515-42B6-81CF-D86D54E53A4F}.Release|ARM.Deploy.0 = Release|ARM
		{16477150-9515-42B6-81CF-D86D54E53A4F}.Release|x64.ActiveCfg = Release|x64
		{16477150-9515-42B6-81CF-D86D54E53A4F}.Release|x64.Build.0 = Release|x64
		{16477150-9515-42B6-81CF-D86D54E53A4F}.Release|x64.Deploy.0 = Release|x64
		{16477150-9515-42B6-81CF-D86D54E53A4F}.Release|x86.ActiveCfg = Release|x86
		{16477150-9515-42B6-81CF-D86D54E53A4F}.Release|x86.Build.0 = Release|x86
		{16477150-9515-42B6-81CF-D86D54E53A4F}.Release|x86.Deploy.0 = Release|x86
		{597D277D-547A-4480-A2BA-4A72E55551C2}.Debug|ARM.ActiveCfg = Debug|ARM
		{597D277D-547A-4480-A2BA-4A72E55551C2}.Debug|ARM.Build.0 = Debug|ARM
		{597D277D-547A-4480-A2BA-4A72E55551C2}.Debug|x64.ActiveCfg = Debug|x64
		{597D277D-547A-4480-A2BA-4A72E55551C2}.Debug|x64.Build.0 = Debug|x64
		{597D277D-547A-4480-A2BA-4A72E55551C2}.Debug|x86.ActiveCfg = Debug|Win32
		{597D277D-547A-4480-A2BA-4A72E55551C2}.Debug|x86.Build.0 = Debug|Win32
		{597D277D-547A-4480-A2BA-4A72E55551C2}.Release|ARM.ActiveCfg = Release|ARM
		{597D277D-547A-4480-A2BA-4A72E55551C2}.Release|ARM.Build.0 = Release|ARM
		{597D277D-547A-4480-A2BA-4A72E55551C2}.Release|x64.ActiveCfg = Release|x64
		{597D277D-547A-4480-A2BA-4A72E55551C2}.Release|x64.Build.0 = Release|x64
		{597D277D-547A-4480-A2BA-4A72E55551C2}.Release|x86.ActiveCfg = Release|Win32
		{597D277D-547A-4480-A2BA-4A72E55551C2}.Release|x86.Build.0 = Release|Win32
		{4764D336-E831-4D3A-AE85-354E88AC3874}.Debug|ARM.ActiveCfg = Debug|ARM
		{4764D336-E831-4D3A-AE85-354E88AC3874}.Debug|ARM.Build.0 = Debug|ARM
		{4764D336-E831-4D3A-AE85-354E88AC3874}.Debug|ARM.Deploy.0 = Debug|ARM
		{4764D336-E831-4D3A-AE85-354E88AC3874}.Debug|x64.ActiveCfg = Debug|x64
		{4764D336-E831-4D3A-AE85-354E88AC3874}.Debug|x64.Build.0 = Debug|x64
		{4764D336-E831-4D3A-AE85-354E88AC3874}.Debug|x64.Deploy.0 = Debug|x64
		{4764D336-E831-4D3A-AE85-354E88AC3874}.Debug|x86.ActiveCfg = Debug|x86
		{4764D336-E831-4D3A-AE85-354E88AC3874}.Debug|x86.Build.0 = Debug|x86
		{4764D336-E831-4D3A-AE85-354E88AC3874}.Debug|x86.Deploy.0 = Debug|x86
		{4764D336-E831-4D3A-AE85-354E88AC3874}.Release|ARM.ActiveCfg = Release|ARM
		{4764D336-E831-4D3A-AE85-354E88AC3874}.Release|ARM.Build.0 = Release|ARM
		{4764D336-E831-4D3A-AE85-354E88AC3874}.Release|ARM.Deploy.0 = Release|ARM
		{4764D336-E831-4D3A-AE85-354E88AC3874}.Release|x64.ActiveCfg = Release|x64
		{4764D336-E831-4D3A-AE85-354E88AC3874}.Release|x64.Build.0 = Release|x64
		{4764D336-E831-4D3A-AE85-354E88AC3874}.Release|x64.Deploy.0 = Release|x64
		{4764D336-E831-4D3A-AE85-354E88AC3874}.Release|x86.ActiveCfg = Release|x86
		{4764D336-E831-4D3A-AE85-354E88AC3874}.Release|x86.Build.0 = Release|x86
		{4764D336-E831-4D3A-AE85-354E88AC3874}.Release|x86.Deploy.0 = Release|x86
	EndGlobalSection
	GlobalSection(SolutionProperties) = preSolution
		HideSolutionNode = FALSE
	EndGlobalSection
EndGlobal
